{
  "version": "4",
  "specifiers": {
    "jsr:@sallai/ask@*": "2.0.2",
    "jsr:@sallai/iro@^1.0.3": "1.0.4",
    "jsr:@std/bytes@^1.0.2": "1.0.4",
    "jsr:@std/cli@*": "1.0.6",
    "jsr:@std/io@0.225": "0.225.0",
    "jsr:@std/path@*": "1.0.8",
    "npm:filesize@*": "10.1.6",
    "npm:pretty-ms@*": "9.2.0"
  },
  "jsr": {
    "@sallai/ask@2.0.2": {
      "integrity": "8a1d3cfe5f5a1d4b1e66412c7537f8879b8e70b949076ae9d2e05cff4a82ab42",
      "dependencies": [
        "jsr:@sallai/iro",
        "jsr:@std/io"
      ]
    },
    "@sallai/iro@1.0.4": {
      "integrity": "e14f39c7b80e80994788a8542b2c4983554fd4bb6d2f2a09471327f9cf37ee36"
    },
    "@std/bytes@1.0.4": {
      "integrity": "11a0debe522707c95c7b7ef89b478c13fb1583a7cfb9a85674cd2cc2e3a28abc"
    },
    "@std/cli@1.0.6": {
      "integrity": "d22d8b38c66c666d7ad1f2a66c5b122da1704f985d3c47f01129f05abb6c5d3d"
    },
    "@std/io@0.225.0": {
      "integrity": "c1db7c5e5a231629b32d64b9a53139445b2ca640d828c26bf23e1c55f8c079b3",
      "dependencies": [
        "jsr:@std/bytes"
      ]
    },
    "@std/path@1.0.8": {
      "integrity": "548fa456bb6a04d3c1a1e7477986b6cffbce95102d0bb447c67c4ee70e0364be"
    }
  },
  "npm": {
    "filesize@10.1.6": {
      "integrity": "sha512-sJslQKU2uM33qH5nqewAwVB2QgR6w1aMNsYUp3aN5rMRyXEwJGmZvaWzeJFNTOXWlHQyBFCWrdj3fV/fsTOX8w=="
    },
    "parse-ms@4.0.0": {
      "integrity": "sha512-TXfryirbmq34y8QBwgqCVLi+8oA3oWx2eAnSn62ITyEhEYaWRlVZ2DvMM9eZbMs/RfxPu/PK/aBLyGj4IrqMHw=="
    },
    "pretty-ms@9.2.0": {
      "integrity": "sha512-4yf0QO/sllf/1zbZWYnvWw3NxCQwLXKzIj0G849LSufP15BXKM0rbD2Z3wVnkMfjdn/CB0Dpp444gYAACdsplg==",
      "dependencies": [
        "parse-ms"
      ]
    }
  }
}
